
Microsoft Visual Studio Solution File, Format Version 12.00
# Visual Studio Version 17
VisualStudioVersion = 17.8.34511.84
MinimumVisualStudioVersion = 10.0.40219.1
Project("{9A19103F-16F7-4668-BE54-9A1E7A4F7556}") = "dominitian-api", "dominitian-api.csproj", "{1A2D7B04-33C9-4D7D-A9FF-BBC530C5CA56}"
EndProject
Project("{9A19103F-16F7-4668-BE54-9A1E7A4F7556}") = "dominitian-ui.Models", "..\dominitian-ui.Models\dominitian-ui.Models.csproj", "{CB33B934-3802-4536-AEBF-B00BD714EA56}"
EndProject
Project("{9A19103F-16F7-4668-BE54-9A1E7A4F7556}") = "dominitian.Infrastructure", "..\dominitian.Infrastructure\dominitian.Infrastructure.csproj", "{1F32C428-7FEF-4EF0-8021-9899E58ADEA7}"
EndProject
Project("{9A19103F-16F7-4668-BE54-9A1E7A4F7556}") = "dominitian.Data", "..\diminitian.Data\dominitian.Data.csproj", "{7FAB9F83-BA39-46BB-8399-BE844A774B6E}"
EndProject
Project("{9A19103F-16F7-4668-BE54-9A1E7A4F7556}") = "dominitian.Business", "..\dominitian.Business\dominitian.Business.csproj", "{374D5607-C4F5-489B-BC31-66AEDE134719}"
EndProject
Project("{9A19103F-16F7-4668-BE54-9A1E7A4F7556}") = "dominitian-ui.Infrastructure.Tests", "..\dominitian-ui.Validators.Tests\dominitian-ui.Infrastructure.Tests.csproj", "{39717918-97A6-49EC-A53E-3DB7A54B33CB}"
	ProjectSection(ProjectDependencies) = postProject
		{1F32C428-7FEF-4EF0-8021-9899E58ADEA7} = {1F32C428-7FEF-4EF0-8021-9899E58ADEA7}
	EndProjectSection
EndProject
Project("{9A19103F-16F7-4668-BE54-9A1E7A4F7556}") = "dominitian.Business.Tests", "..\diminitian.Business.Tests\dominitian.Business.Tests.csproj", "{9C6FDE43-79EA-42B0-A958-58B8C582E1EE}"
EndProject
Project("{9A19103F-16F7-4668-BE54-9A1E7A4F7556}") = "domitian-api.Tests", "..\domitian-api.Tests\domitian-api.Tests.csproj", "{06E37EC4-CDC0-4988-9613-ADBF3CAD7BF3}"
EndProject
Project("{FAE04EC0-301F-11D3-BF4B-00C04F79EFBC}") = "dominitian.Tests.Infrastructure", "..\dominitian.Tests.Infrastructure\dominitian.Tests.Infrastructure.csproj", "{73AA4F1B-6FA7-4D6C-828A-CD7F469B3215}"
EndProject
Global
	GlobalSection(SolutionConfigurationPlatforms) = preSolution
		Debug|Any CPU = Debug|Any CPU
		Release|Any CPU = Release|Any CPU
	EndGlobalSection
	GlobalSection(ProjectConfigurationPlatforms) = postSolution
		{1A2D7B04-33C9-4D7D-A9FF-BBC530C5CA56}.Debug|Any CPU.ActiveCfg = Debug|Any CPU
		{1A2D7B04-33C9-4D7D-A9FF-BBC530C5CA56}.Debug|Any CPU.Build.0 = Debug|Any CPU
		{1A2D7B04-33C9-4D7D-A9FF-BBC530C5CA56}.Release|Any CPU.ActiveCfg = Release|Any CPU
		{1A2D7B04-33C9-4D7D-A9FF-BBC530C5CA56}.Release|Any CPU.Build.0 = Release|Any CPU
		{CB33B934-3802-4536-AEBF-B00BD714EA56}.Debug|Any CPU.ActiveCfg = Debug|Any CPU
		{CB33B934-3802-4536-AEBF-B00BD714EA56}.Debug|Any CPU.Build.0 = Debug|Any CPU
		{CB33B934-3802-4536-AEBF-B00BD714EA56}.Release|Any CPU.ActiveCfg = Release|Any CPU
		{CB33B934-3802-4536-AEBF-B00BD714EA56}.Release|Any CPU.Build.0 = Release|Any CPU
		{1F32C428-7FEF-4EF0-8021-9899E58ADEA7}.Debug|Any CPU.ActiveCfg = Debug|Any CPU
		{1F32C428-7FEF-4EF0-8021-9899E58ADEA7}.Debug|Any CPU.Build.0 = Debug|Any CPU
		{1F32C428-7FEF-4EF0-8021-9899E58ADEA7}.Release|Any CPU.ActiveCfg = Release|Any CPU
		{1F32C428-7FEF-4EF0-8021-9899E58ADEA7}.Release|Any CPU.Build.0 = Release|Any CPU
		{7FAB9F83-BA39-46BB-8399-BE844A774B6E}.Debug|Any CPU.ActiveCfg = Debug|Any CPU
		{7FAB9F83-BA39-46BB-8399-BE844A774B6E}.Debug|Any CPU.Build.0 = Debug|Any CPU
		{7FAB9F83-BA39-46BB-8399-BE844A774B6E}.Release|Any CPU.ActiveCfg = Release|Any CPU
		{7FAB9F83-BA39-46BB-8399-BE844A774B6E}.Release|Any CPU.Build.0 = Release|Any CPU
		{374D5607-C4F5-489B-BC31-66AEDE134719}.Debug|Any CPU.ActiveCfg = Debug|Any CPU
		{374D5607-C4F5-489B-BC31-66AEDE134719}.Debug|Any CPU.Build.0 = Debug|Any CPU
		{374D5607-C4F5-489B-BC31-66AEDE134719}.Release|Any CPU.ActiveCfg = Release|Any CPU
		{374D5607-C4F5-489B-BC31-66AEDE134719}.Release|Any CPU.Build.0 = Release|Any CPU
		{39717918-97A6-49EC-A53E-3DB7A54B33CB}.Debug|Any CPU.ActiveCfg = Debug|Any CPU
		{39717918-97A6-49EC-A53E-3DB7A54B33CB}.Debug|Any CPU.Build.0 = Debug|Any CPU
		{39717918-97A6-49EC-A53E-3DB7A54B33CB}.Release|Any CPU.ActiveCfg = Release|Any CPU
		{39717918-97A6-49EC-A53E-3DB7A54B33CB}.Release|Any CPU.Build.0 = Release|Any CPU
		{9C6FDE43-79EA-42B0-A958-58B8C582E1EE}.Debug|Any CPU.ActiveCfg = Debug|Any CPU
		{9C6FDE43-79EA-42B0-A958-58B8C582E1EE}.Debug|Any CPU.Build.0 = Debug|Any CPU
		{9C6FDE43-79EA-42B0-A958-58B8C582E1EE}.Release|Any CPU.ActiveCfg = Release|Any CPU
		{9C6FDE43-79EA-42B0-A958-58B8C582E1EE}.Release|Any CPU.Build.0 = Release|Any CPU
		{06E37EC4-CDC0-4988-9613-ADBF3CAD7BF3}.Debug|Any CPU.ActiveCfg = Debug|Any CPU
		{06E37EC4-CDC0-4988-9613-ADBF3CAD7BF3}.Debug|Any CPU.Build.0 = Debug|Any CPU
		{06E37EC4-CDC0-4988-9613-ADBF3CAD7BF3}.Release|Any CPU.ActiveCfg = Release|Any CPU
		{06E37EC4-CDC0-4988-9613-ADBF3CAD7BF3}.Release|Any CPU.Build.0 = Release|Any CPU
		{73AA4F1B-6FA7-4D6C-828A-CD7F469B3215}.Debug|Any CPU.ActiveCfg = Debug|Any CPU
		{73AA4F1B-6FA7-4D6C-828A-CD7F469B3215}.Debug|Any CPU.Build.0 = Debug|Any CPU
		{73AA4F1B-6FA7-4D6C-828A-CD7F469B3215}.Release|Any CPU.ActiveCfg = Release|Any CPU
		{73AA4F1B-6FA7-4D6C-828A-CD7F469B3215}.Release|Any CPU.Build.0 = Release|Any CPU
	EndGlobalSection
	GlobalSection(SolutionProperties) = preSolution
		HideSolutionNode = FALSE
	EndGlobalSection
	GlobalSection(ExtensibilityGlobals) = postSolution
		SolutionGuid = {FF69E9BC-3EEC-4DBC-AC1A-432D6096A036}
	EndGlobalSection
EndGlobal
